
Microsoft Visual Studio Solution File, Format Version 10.00
# Visual Studio 2008
Project("{FAE04EC0-301F-11D3-BF4B-00C04F79EFBC}") = "RzezniaMagow", "RzezniaMagow\RzezniaMagow.csproj", "{0361A4F3-8852-4409-ACCE-A7FE8FF98157}"
EndProject
Global
	GlobalSection(SubversionScc) = preSolution
		Svn-Managed = True
		Manager = AnkhSVN - Subversion Support for Visual Studio
	EndGlobalSection
	GlobalSection(SolutionConfigurationPlatforms) = preSolution
		Debug|x86 = Debug|x86
		Release|x86 = Release|x86
	EndGlobalSection
	GlobalSection(ProjectConfigurationPlatforms) = postSolution
		{0361A4F3-8852-4409-ACCE-A7FE8FF98157}.Debug|x86.ActiveCfg = Debug|x86
		{0361A4F3-8852-4409-ACCE-A7FE8FF98157}.Debug|x86.Build.0 = Debug|x86
		{0361A4F3-8852-4409-ACCE-A7FE8FF98157}.Release|x86.ActiveCfg = Release|x86
		{0361A4F3-8852-4409-ACCE-A7FE8FF98157}.Release|x86.Build.0 = Release|x86
		{9FCA59FC-667F-4702-B22E-0A24B2DA9734}.Debug|x86.ActiveCfg = Debug|x86
		{9FCA59FC-667F-4702-B22E-0A24B2DA9734}.Release|x86.ActiveCfg = Release|x86
	EndGlobalSection
	GlobalSection(SolutionProperties) = preSolution
		HideSolutionNode = FALSE
	EndGlobalSection
EndGlobal
