
Microsoft Visual Studio Solution File, Format Version 10.00
# Visual Studio 2008
Project("{FAE04EC0-301F-11D3-BF4B-00C04F79EFBC}") = "RzezniaMagow", "RzezniaMagow\RzezniaMagow.csproj", "{0361A4F3-8852-4409-ACCE-A7FE8FF98157}"
EndProject
Project("{FAE04EC0-301F-11D3-BF4B-00C04F79EFBC}") = "Network", "..\tr00per\RMNetwork\Network\Network.csproj", "{90BBB78B-A972-49E9-AFA9-B3F72F85EE2B}"
EndProject
Project("{FAE04EC0-301F-11D3-BF4B-00C04F79EFBC}") = "NetTest", "..\tr00per\RMNetwork\NetTest\NetTest.csproj", "{09F0D9BE-4F22-4ED1-A6CA-0A9CC98CFBE2}"
EndProject
Global
	GlobalSection(SubversionScc) = preSolution
		Svn-Managed = True
		Manager = AnkhSVN - Subversion Support for Visual Studio
	EndGlobalSection
	GlobalSection(SolutionConfigurationPlatforms) = preSolution
		Debug|Any CPU = Debug|Any CPU
		Debug|Mixed Platforms = Debug|Mixed Platforms
		Debug|x86 = Debug|x86
		Release|Any CPU = Release|Any CPU
		Release|Mixed Platforms = Release|Mixed Platforms
		Release|x86 = Release|x86
	EndGlobalSection
	GlobalSection(ProjectConfigurationPlatforms) = postSolution
		{0361A4F3-8852-4409-ACCE-A7FE8FF98157}.Debug|Any CPU.ActiveCfg = Debug|x86
		{0361A4F3-8852-4409-ACCE-A7FE8FF98157}.Debug|Mixed Platforms.ActiveCfg = Debug|x86
		{0361A4F3-8852-4409-ACCE-A7FE8FF98157}.Debug|Mixed Platforms.Build.0 = Debug|x86
		{0361A4F3-8852-4409-ACCE-A7FE8FF98157}.Debug|x86.ActiveCfg = Debug|x86
		{0361A4F3-8852-4409-ACCE-A7FE8FF98157}.Debug|x86.Build.0 = Debug|x86
		{0361A4F3-8852-4409-ACCE-A7FE8FF98157}.Release|Any CPU.ActiveCfg = Release|x86
		{0361A4F3-8852-4409-ACCE-A7FE8FF98157}.Release|Mixed Platforms.ActiveCfg = Release|x86
		{0361A4F3-8852-4409-ACCE-A7FE8FF98157}.Release|Mixed Platforms.Build.0 = Release|x86
		{0361A4F3-8852-4409-ACCE-A7FE8FF98157}.Release|x86.ActiveCfg = Release|x86
		{0361A4F3-8852-4409-ACCE-A7FE8FF98157}.Release|x86.Build.0 = Release|x86
		{9FCA59FC-667F-4702-B22E-0A24B2DA9734}.Debug|Any CPU.ActiveCfg = Debug|x86
		{9FCA59FC-667F-4702-B22E-0A24B2DA9734}.Debug|Mixed Platforms.ActiveCfg = Debug|x86
		{9FCA59FC-667F-4702-B22E-0A24B2DA9734}.Debug|x86.ActiveCfg = Debug|x86
		{9FCA59FC-667F-4702-B22E-0A24B2DA9734}.Release|Any CPU.ActiveCfg = Release|x86
		{9FCA59FC-667F-4702-B22E-0A24B2DA9734}.Release|Mixed Platforms.ActiveCfg = Release|x86
		{9FCA59FC-667F-4702-B22E-0A24B2DA9734}.Release|x86.ActiveCfg = Release|x86
		{90BBB78B-A972-49E9-AFA9-B3F72F85EE2B}.Debug|Any CPU.ActiveCfg = Debug|Any CPU
		{90BBB78B-A972-49E9-AFA9-B3F72F85EE2B}.Debug|Any CPU.Build.0 = Debug|Any CPU
		{90BBB78B-A972-49E9-AFA9-B3F72F85EE2B}.Debug|Mixed Platforms.ActiveCfg = Debug|Any CPU
		{90BBB78B-A972-49E9-AFA9-B3F72F85EE2B}.Debug|Mixed Platforms.Build.0 = Debug|Any CPU
		{90BBB78B-A972-49E9-AFA9-B3F72F85EE2B}.Debug|x86.ActiveCfg = Debug|Any CPU
		{90BBB78B-A972-49E9-AFA9-B3F72F85EE2B}.Release|Any CPU.ActiveCfg = Release|Any CPU
		{90BBB78B-A972-49E9-AFA9-B3F72F85EE2B}.Release|Any CPU.Build.0 = Release|Any CPU
		{90BBB78B-A972-49E9-AFA9-B3F72F85EE2B}.Release|Mixed Platforms.ActiveCfg = Release|Any CPU
		{90BBB78B-A972-49E9-AFA9-B3F72F85EE2B}.Release|Mixed Platforms.Build.0 = Release|Any CPU
		{90BBB78B-A972-49E9-AFA9-B3F72F85EE2B}.Release|x86.ActiveCfg = Release|Any CPU
		{09F0D9BE-4F22-4ED1-A6CA-0A9CC98CFBE2}.Debug|Any CPU.ActiveCfg = Debug|Any CPU
		{09F0D9BE-4F22-4ED1-A6CA-0A9CC98CFBE2}.Debug|Any CPU.Build.0 = Debug|Any CPU
		{09F0D9BE-4F22-4ED1-A6CA-0A9CC98CFBE2}.Debug|Mixed Platforms.ActiveCfg = Debug|Any CPU
		{09F0D9BE-4F22-4ED1-A6CA-0A9CC98CFBE2}.Debug|Mixed Platforms.Build.0 = Debug|Any CPU
		{09F0D9BE-4F22-4ED1-A6CA-0A9CC98CFBE2}.Debug|x86.ActiveCfg = Debug|Any CPU
		{09F0D9BE-4F22-4ED1-A6CA-0A9CC98CFBE2}.Release|Any CPU.ActiveCfg = Release|Any CPU
		{09F0D9BE-4F22-4ED1-A6CA-0A9CC98CFBE2}.Release|Any CPU.Build.0 = Release|Any CPU
		{09F0D9BE-4F22-4ED1-A6CA-0A9CC98CFBE2}.Release|Mixed Platforms.ActiveCfg = Release|Any CPU
		{09F0D9BE-4F22-4ED1-A6CA-0A9CC98CFBE2}.Release|Mixed Platforms.Build.0 = Release|Any CPU
		{09F0D9BE-4F22-4ED1-A6CA-0A9CC98CFBE2}.Release|x86.ActiveCfg = Release|Any CPU
	EndGlobalSection
	GlobalSection(SolutionProperties) = preSolution
		HideSolutionNode = FALSE
	EndGlobalSection
EndGlobal
