
Microsoft Visual Studio Solution File, Format Version 10.00
# Visual Studio 2008
Project("{FAE04EC0-301F-11D3-BF4B-00C04F79EFBC}") = "Network", "Network\Network.csproj", "{90BBB78B-A972-49E9-AFA9-B3F72F85EE2B}"
EndProject
Project("{FAE04EC0-301F-11D3-BF4B-00C04F79EFBC}") = "NetTest", "NetTest\NetTest.csproj", "{09F0D9BE-4F22-4ED1-A6CA-0A9CC98CFBE2}"
EndProject
Global
	GlobalSection(SolutionConfigurationPlatforms) = preSolution
		Debug|Any CPU = Debug|Any CPU
		Release|Any CPU = Release|Any CPU
	EndGlobalSection
	GlobalSection(ProjectConfigurationPlatforms) = postSolution
		{09F0D9BE-4F22-4ED1-A6CA-0A9CC98CFBE2}.Debug|Any CPU.ActiveCfg = Debug|Any CPU
		{09F0D9BE-4F22-4ED1-A6CA-0A9CC98CFBE2}.Debug|Any CPU.Build.0 = Debug|Any CPU
		{09F0D9BE-4F22-4ED1-A6CA-0A9CC98CFBE2}.Release|Any CPU.ActiveCfg = Release|Any CPU
		{09F0D9BE-4F22-4ED1-A6CA-0A9CC98CFBE2}.Release|Any CPU.Build.0 = Release|Any CPU
		{90BBB78B-A972-49E9-AFA9-B3F72F85EE2B}.Debug|Any CPU.ActiveCfg = Debug|Any CPU
		{90BBB78B-A972-49E9-AFA9-B3F72F85EE2B}.Debug|Any CPU.Build.0 = Debug|Any CPU
		{90BBB78B-A972-49E9-AFA9-B3F72F85EE2B}.Release|Any CPU.ActiveCfg = Release|Any CPU
		{90BBB78B-A972-49E9-AFA9-B3F72F85EE2B}.Release|Any CPU.Build.0 = Release|Any CPU
	EndGlobalSection
	GlobalSection(MonoDevelopProperties) = preSolution
		StartupItem = NetTest\NetTest.csproj
	EndGlobalSection
	GlobalSection(SubversionScc) = preSolution
		Svn-Managed = True
		Manager = AnkhSVN - Subversion Support for Visual Studio
	EndGlobalSection
	GlobalSection(SolutionProperties) = preSolution
		HideSolutionNode = FALSE
	EndGlobalSection
EndGlobal
